
Microsoft Visual Studio Solution File, Format Version 12.00
# Visual Studio Version 17
VisualStudioVersion = 17.7.34031.279
MinimumVisualStudioVersion = 10.0.40219.1
Project("{9A19103F-16F7-4668-BE54-9A1E7A4F7556}") = "Server", "Server\Server.csproj", "{C4AE5937-5C5F-42DE-B0ED-4DF9E12CF490}"
EndProject
Project("{9A19103F-16F7-4668-BE54-9A1E7A4F7556}") = "Client", "Client\Client.csproj", "{60F74243-BE66-4C5A-89EF-ABFF20423063}"
EndProject
Project("{9A19103F-16F7-4668-BE54-9A1E7A4F7556}") = "Common", "Common\Common.csproj", "{D4CDDE23-FF40-41E4-8CFA-91D6FE80FD06}"
EndProject
Project("{9A19103F-16F7-4668-BE54-9A1E7A4F7556}") = "DatabaseCore", "DatabaseCore\DatabaseCore.csproj", "{DFB94981-7501-45F0-B65E-E3E55D966370}"
EndProject
Global
	GlobalSection(SolutionConfigurationPlatforms) = preSolution
		Debug|Any CPU = Debug|Any CPU
		Release|Any CPU = Release|Any CPU
	EndGlobalSection
	GlobalSection(ProjectConfigurationPlatforms) = postSolution
		{C4AE5937-5C5F-42DE-B0ED-4DF9E12CF490}.Debug|Any CPU.ActiveCfg = Debug|Any CPU
		{C4AE5937-5C5F-42DE-B0ED-4DF9E12CF490}.Debug|Any CPU.Build.0 = Debug|Any CPU
		{C4AE5937-5C5F-42DE-B0ED-4DF9E12CF490}.Release|Any CPU.ActiveCfg = Release|Any CPU
		{C4AE5937-5C5F-42DE-B0ED-4DF9E12CF490}.Release|Any CPU.Build.0 = Release|Any CPU
		{60F74243-BE66-4C5A-89EF-ABFF20423063}.Debug|Any CPU.ActiveCfg = Debug|Any CPU
		{60F74243-BE66-4C5A-89EF-ABFF20423063}.Debug|Any CPU.Build.0 = Debug|Any CPU
		{60F74243-BE66-4C5A-89EF-ABFF20423063}.Release|Any CPU.ActiveCfg = Release|Any CPU
		{60F74243-BE66-4C5A-89EF-ABFF20423063}.Release|Any CPU.Build.0 = Release|Any CPU
		{D4CDDE23-FF40-41E4-8CFA-91D6FE80FD06}.Debug|Any CPU.ActiveCfg = Debug|Any CPU
		{D4CDDE23-FF40-41E4-8CFA-91D6FE80FD06}.Debug|Any CPU.Build.0 = Debug|Any CPU
		{D4CDDE23-FF40-41E4-8CFA-91D6FE80FD06}.Release|Any CPU.ActiveCfg = Release|Any CPU
		{D4CDDE23-FF40-41E4-8CFA-91D6FE80FD06}.Release|Any CPU.Build.0 = Release|Any CPU
		{DFB94981-7501-45F0-B65E-E3E55D966370}.Debug|Any CPU.ActiveCfg = Debug|Any CPU
		{DFB94981-7501-45F0-B65E-E3E55D966370}.Debug|Any CPU.Build.0 = Debug|Any CPU
		{DFB94981-7501-45F0-B65E-E3E55D966370}.Release|Any CPU.ActiveCfg = Release|Any CPU
		{DFB94981-7501-45F0-B65E-E3E55D966370}.Release|Any CPU.Build.0 = Release|Any CPU
	EndGlobalSection
	GlobalSection(SolutionProperties) = preSolution
		HideSolutionNode = FALSE
	EndGlobalSection
	GlobalSection(ExtensibilityGlobals) = postSolution
		SolutionGuid = {41F9D36D-B9C2-452B-8105-5CB1377DCEE3}
	EndGlobalSection
EndGlobal
